
Microsoft Visual Studio Solution File, Format Version 12.00
# Visual Studio Version 16
VisualStudioVersion = 16.0.31229.75
MinimumVisualStudioVersion = 10.0.40219.1
Project("{8BC9CEB8-8B4A-11D0-8D11-00A0C91BC942}") = "CG1", "CG1\CG1.vcxproj", "{21499235-BB08-4441-AE0B-9E485E7C3EAB}"
EndProject
Global
	GlobalSection(SolutionConfigurationPlatforms) = preSolution
		Debug|x64 = Debug|x64
		Debug|x86 = Debug|x86
		Release|x64 = Release|x64
		Release|x86 = Release|x86
	EndGlobalSection
	GlobalSection(ProjectConfigurationPlatforms) = postSolution
		{21499235-BB08-4441-AE0B-9E485E7C3EAB}.Debug|x64.ActiveCfg = Debug|x64
		{21499235-BB08-4441-AE0B-9E485E7C3EAB}.Debug|x64.Build.0 = Debug|x64
		{21499235-BB08-4441-AE0B-9E485E7C3EAB}.Debug|x86.ActiveCfg = Debug|Win32
		{21499235-BB08-4441-AE0B-9E485E7C3EAB}.Debug|x86.Build.0 = Debug|Win32
		{21499235-BB08-4441-AE0B-9E485E7C3EAB}.Release|x64.ActiveCfg = Release|x64
		{21499235-BB08-4441-AE0B-9E485E7C3EAB}.Release|x64.Build.0 = Release|x64
		{21499235-BB08-4441-AE0B-9E485E7C3EAB}.Release|x86.ActiveCfg = Release|Win32
		{21499235-BB08-4441-AE0B-9E485E7C3EAB}.Release|x86.Build.0 = Release|Win32
	EndGlobalSection
	GlobalSection(SolutionProperties) = preSolution
		HideSolutionNode = FALSE
	EndGlobalSection
	GlobalSection(ExtensibilityGlobals) = postSolution
		SolutionGuid = {8CE5EFDC-BB50-45FC-99D2-4037AC8D73C3}
	EndGlobalSection
EndGlobal
